{
  "requires": true,
  "lockfileVersion": 1,
  "dependencies": {
    "@types/body-parser": {
      "version": "1.19.5",
      "resolved": "https://registry.npmjs.org/@types/body-parser/-/body-parser-1.19.5.tgz",
      "integrity": "sha512-fB3Zu92ucau0iQ0JMCFQE7b/dv8Ot07NI3KaZIkIUNXq82k4eBAqUaneXfleGY9JWskeS9y+u0nXMyspcuQrCg==",
      "dev": true,
      "requires": {
        "@types/connect": "*",
        "@types/node": "*"
      }
    },
    "@types/busboy": {
      "version": "1.5.3",
      "resolved": "https://registry.npmjs.org/@types/busboy/-/busboy-1.5.3.tgz",
      "integrity": "sha512-YMBLFN/xBD8bnqywIlGyYqsNFXu6bsiY7h3Ae0kO17qEuTjsqeyYMRPSUDacIKIquws2Y6KjmxAyNx8xB3xQbw==",
      "dev": true,
      "requires": {
        "@types/node": "*"
      }
    },
    "@types/bytes": {
      "version": "3.1.4",
      "resolved": "https://registry.npmjs.org/@types/bytes/-/bytes-3.1.4.tgz",
      "integrity": "sha512-A0uYgOj3zNc4hNjHc5lYUfJQ/HVyBXiUMKdXd7ysclaE6k9oJdavQzODHuwjpUu2/boCP8afjQYi8z/GtvNCWA==",
      "dev": true
    },
    "@types/concat-stream": {
      "version": "2.0.3",
      "resolved": "https://registry.npmjs.org/@types/concat-stream/-/concat-stream-2.0.3.tgz",
      "integrity": "sha512-3qe4oQAPNwVNwK4C9c8u+VJqv9kez+2MR4qJpoPFfXtgxxif1QbFusvXzK0/Wra2VX07smostI2VMmJNSpZjuQ==",
      "dev": true,
      "requires": {
        "@types/node": "*"
      }
    },
    "@types/connect": {
      "version": "3.4.38",
      "resolved": "https://registry.npmjs.org/@types/connect/-/connect-3.4.38.tgz",
      "integrity": "sha512-K6uROf1LD88uDQqJCktA4yzL1YYAK6NgfsI0v/mTgyPKWsX1CnJ0XPSDhViejru1GcRkLWb8RlzFYJRqGUbaug==",
      "dev": true,
      "requires": {
        "@types/node": "*"
      }
    },
    "@types/content-type": {
      "version": "1.1.8",
      "resolved": "https://registry.npmjs.org/@types/content-type/-/content-type-1.1.8.tgz",
      "integrity": "sha512-1tBhmVUeso3+ahfyaKluXe38p+94lovUZdoVfQ3OnJo9uJC42JT7CBoN3k9HYhAae+GwiBYmHu+N9FZhOG+2Pg==",
      "dev": true
    },
    "@types/debug": {
      "version": "4.1.12",
      "resolved": "https://registry.npmjs.org/@types/debug/-/debug-4.1.12.tgz",
      "integrity": "sha512-vIChWdVG3LG1SMxEvI/AK+FWJthlrqlTu7fbrlywTkkaONwk/UAGaULXRlf8vkzFBLVm0zkMdCquhL5aOjhXPQ==",
      "dev": true,
      "requires": {
        "@types/ms": "*"
      }
    },
    "@types/depd": {
      "version": "1.1.36",
      "resolved": "https://registry.npmjs.org/@types/depd/-/depd-1.1.36.tgz",
      "integrity": "sha512-+apvfj5Bn6ORfud9XrgoIu6H6s2pTN+X8rQ2LgkA3YUXY+PiXkCJjizh8qxv8CrLtXlxw3NCmYrNbbeckVOQrA==",
      "dev": true,
      "requires": {
        "@types/node": "*"
      }
    },
    "@types/express": {
      "version": "4.17.21",
      "resolved": "https://registry.npmjs.org/@types/express/-/express-4.17.21.tgz",
      "integrity": "sha512-ejlPM315qwLpaQlQDTjPdsUFSc6ZsP4AN6AlWnogPjQ7CVi7PYF3YVz+CY3jE2pwYf7E/7HlDAN0rV2GxTG0HQ==",
      "dev": true,
      "requires": {
        "@types/body-parser": "*",
        "@types/express-serve-static-core": "^4.17.33",
        "@types/qs": "*",
        "@types/serve-static": "*"
      }
    },
    "@types/express-serve-static-core": {
      "version": "4.17.41",
      "resolved": "https://registry.npmjs.org/@types/express-serve-static-core/-/express-serve-static-core-4.17.41.tgz",
      "integrity": "sha512-OaJ7XLaelTgrvlZD8/aa0vvvxZdUmlCn6MtWeB7TkiKW70BQLc9XEPpDLPdbo52ZhXUCrznlWdCHWxJWtdyajA==",
      "dev": true,
      "requires": {
        "@types/node": "*",
        "@types/qs": "*",
        "@types/range-parser": "*",
        "@types/send": "*"
      }
    },
    "@types/http-errors": {
      "version": "2.0.4",
      "resolved": "https://registry.npmjs.org/@types/http-errors/-/http-errors-2.0.4.tgz",
      "integrity": "sha512-D0CFMMtydbJAegzOyHjtiKPLlvnm3iTZyZRSZoLq2mRhDdmLfIWOCYPfQJ4cu2erKghU++QvjcUjp/5h7hESpA==",
      "dev": true
    },
    "@types/jquery": {
      "version": "3.5.29",
      "resolved": "https://registry.npmjs.org/@types/jquery/-/jquery-3.5.29.tgz",
      "integrity": "sha512-oXQQC9X9MOPRrMhPHHOsXqeQDnWeCDT3PelUIg/Oy8FAbzSZtFHRjc7IpbfFVmpLtJ+UOoywpRsuO5Jxjybyeg==",
      "dev": true,
      "requires": {
        "@types/sizzle": "*"
      }
    },
    "@types/merge-descriptors": {
      "version": "1.0.3",
      "resolved": "https://registry.npmjs.org/@types/merge-descriptors/-/merge-descriptors-1.0.3.tgz",
      "integrity": "sha512-ZhU/HNM9R75TO8PBn0+zDi7tbYEygeraTjDHAkGpgFFKKEj/Al4RysG+oWyrRusPRDUvctaK+SYrw1m2SdLNNQ==",
      "dev": true
    },
    "@types/mime": {
      "version": "1.3.5",
      "resolved": "https://registry.npmjs.org/@types/mime/-/mime-1.3.5.tgz",
      "integrity": "sha512-/pyBZWSLD2n0dcHE3hq8s8ZvcETHtEuF+3E7XVt0Ig2nvsVQXdghHVcEkIWjy9A0wKfTn97a/PSDYohKIlnP/w==",
      "dev": true
    },
    "@types/ms": {
      "version": "0.7.34",
      "resolved": "https://registry.npmjs.org/@types/ms/-/ms-0.7.34.tgz",
      "integrity": "sha512-nG96G3Wp6acyAgJqGasjODb+acrI7KltPiRxzHPXnP3NgI28bpQDRv53olbqGXbfcgF5aiiHmO3xpwEpS5Ld9g==",
      "dev": true
    },
    "@types/multer": {
      "version": "1.4.11",
      "resolved": "https://registry.npmjs.org/@types/multer/-/multer-1.4.11.tgz",
      "integrity": "sha512-svK240gr6LVWvv3YGyhLlA+6LRRWA4mnGIU7RcNmgjBYFl6665wcXrRfxGp5tEPVHUNm5FMcmq7too9bxCwX/w==",
      "dev": true,
      "requires": {
        "@types/express": "*"
      }
    },
    "@types/node": {
      "version": "20.10.5",
      "resolved": "https://registry.npmjs.org/@types/node/-/node-20.10.5.tgz",
      "integrity": "sha512-nNPsNE65wjMxEKI93yOP+NPGGBJz/PoN3kZsVLee0XMiJolxSekEVD8wRwBUBqkwc7UWop0edW50yrCQW4CyRw==",
      "dev": true,
      "requires": {
        "undici-types": "~5.26.4"
      }
    },
    "@types/qs": {
      "version": "6.9.11",
      "resolved": "https://registry.npmjs.org/@types/qs/-/qs-6.9.11.tgz",
      "integrity": "sha512-oGk0gmhnEJK4Yyk+oI7EfXsLayXatCWPHary1MtcmbAifkobT9cM9yutG/hZKIseOU0MqbIwQ/u2nn/Gb+ltuQ==",
      "dev": true
    },
    "@types/range-parser": {
      "version": "1.2.7",
      "resolved": "https://registry.npmjs.org/@types/range-parser/-/range-parser-1.2.7.tgz",
      "integrity": "sha512-hKormJbkJqzQGhziax5PItDUTMAM9uE2XXQmM37dyd4hVM+5aVl7oVxMVUiVQn2oCQFN/LKCZdvSM0pFRqbSmQ==",
      "dev": true
    },
    "@types/sax": {
      "version": "1.2.7",
      "resolved": "https://registry.npmjs.org/@types/sax/-/sax-1.2.7.tgz",
      "integrity": "sha512-rO73L89PJxeYM3s3pPPjiPgVVcymqU490g0YO5n5By0k2Erzj6tay/4lr1CHAAU4JyOWd1rpQ8bCf6cZfHU96A==",
      "dev": true,
      "requires": {
        "@types/node": "*"
      }
    },
    "@types/send": {
      "version": "0.17.4",
      "resolved": "https://registry.npmjs.org/@types/send/-/send-0.17.4.tgz",
      "integrity": "sha512-x2EM6TJOybec7c52BX0ZspPodMsQUd5L6PRwOunVyVUhXiBSKf3AezDL8Dgvgt5o0UfKNfuA0eMLr2wLT4AiBA==",
      "dev": true,
      "requires": {
        "@types/mime": "^1",
        "@types/node": "*"
      }
    },
    "@types/serve-static": {
      "version": "1.15.5",
      "resolved": "https://registry.npmjs.org/@types/serve-static/-/serve-static-1.15.5.tgz",
      "integrity": "sha512-PDRk21MnK70hja/YF8AHfC7yIsiQHn1rcXx7ijCFBX/k+XQJhQT/gw3xekXKJvx+5SXaMMS8oqQy09Mzvz2TuQ==",
      "dev": true,
      "requires": {
        "@types/http-errors": "*",
        "@types/mime": "*",
        "@types/node": "*"
      }
    },
    "@types/sizzle": {
      "version": "2.3.8",
      "resolved": "https://registry.npmjs.org/@types/sizzle/-/sizzle-2.3.8.tgz",
      "integrity": "sha512-0vWLNK2D5MT9dg0iOo8GlKguPAU02QjmZitPEsXRuJXU/OGIOt9vT9Fc26wtYuavLxtO45v9PGleoL9Z0k1LHg==",
      "dev": true
    },
    "@types/type-is": {
      "version": "1.6.6",
      "resolved": "https://registry.npmjs.org/@types/type-is/-/type-is-1.6.6.tgz",
      "integrity": "sha512-fs1KHv/f9OvmTMsu4sBNaUu32oyda9Y9uK25naJG8gayxNrfqGIjPQsbLIYyfe7xFkppnPlJB+BuTldOaX9bXw==",
      "dev": true,
      "requires": {
        "@types/node": "*"
      }
    },
    "@types/xml2js": {
      "version": "0.4.14",
      "resolved": "https://registry.npmjs.org/@types/xml2js/-/xml2js-0.4.14.tgz",
      "integrity": "sha512-4YnrRemBShWRO2QjvUin8ESA41rH+9nQGLUGZV/1IDhi3SL9OhdpNC/MrulTWuptXKwhx/aDxE7toV0f/ypIXQ==",
      "dev": true,
      "requires": {
        "@types/node": "*"
      }
    },
    "@types/xtend": {
      "version": "4.0.6",
      "resolved": "https://registry.npmjs.org/@types/xtend/-/xtend-4.0.6.tgz",
      "integrity": "sha512-lOPBpPQ9AFXDY78rLRyLDZg/PgSCN/m1jCdjRC06RzUTRkaxMkirPx6RUQH2tV5im8gmJ8/7/i1BVLLy0vaBVg==",
      "dev": true
    },
    "types-registry": {
      "version": "0.1.677",
      "resolved": "https://registry.npmjs.org/types-registry/-/types-registry-0.1.677.tgz",
      "integrity": "sha512-i7PXe/06LN7WwNJh3zxjcoK0EjR9am71ELc8ACKlN2dGYbaPrv7WaIqsY80mljXddXf4EzOuLvzBDAA9SfKW5A=="
    },
    "undici-types": {
      "version": "5.26.5",
      "resolved": "https://registry.npmjs.org/undici-types/-/undici-types-5.26.5.tgz",
      "integrity": "sha512-JlCMO+ehdEIKqlFxk6IfVoAUVmgz7cU7zD/h9XZ0qzeosSHmUJVOzSQvvYSYWXkFXC+IfLKSIffhv0sVZup6pA==",
      "dev": true
    }
  }
}
